
Microsoft Visual Studio Solution File, Format Version 12.00
# Visual Studio Version 16
VisualStudioVersion = 16.0.30907.101
MinimumVisualStudioVersion = 10.0.40219.1
Project("{9A19103F-16F7-4668-BE54-9A1E7A4F7556}") = "Assignment1", "Assignment1\Assignment1.csproj", "{2B0D0845-5842-4B72-8D4F-C973A5049CD0}"
EndProject
Project("{9A19103F-16F7-4668-BE54-9A1E7A4F7556}") = "Assignment2a", "Assignment2a\Assignment2a.csproj", "{3F2204A7-0874-465C-91EB-4F0971392FAB}"
EndProject
Project("{9A19103F-16F7-4668-BE54-9A1E7A4F7556}") = "Assignment2C", "Assignment2C\Assignment2C.csproj", "{65953B0B-36A8-4E3C-B887-5B90606E0781}"
EndProject
Project("{9A19103F-16F7-4668-BE54-9A1E7A4F7556}") = "WeaponLib", "WeaponLib\WeaponLib.csproj", "{CA589A65-9B5B-4A68-AD76-8FF120C2960C}"
EndProject
Project("{9A19103F-16F7-4668-BE54-9A1E7A4F7556}") = "TextureAtlasLib", "TextureAtlasLib\TextureAtlasLib.csproj", "{A45657AC-AB5F-4943-997F-033A4B8424F4}"
EndProject
Project("{9A19103F-16F7-4668-BE54-9A1E7A4F7556}") = "Assignment3", "Assignment3\Assignment3.csproj", "{34E833E7-DCFD-46B0-A89C-C2339F32CB85}"
EndProject
Project("{9A19103F-16F7-4668-BE54-9A1E7A4F7556}") = "Assignment4", "Assignment4\Assignment4.csproj", "{A8C42FBE-F461-4C2D-97C6-EE4AFF7D1D8F}"
EndProject
Project("{9A19103F-16F7-4668-BE54-9A1E7A4F7556}") = "InventoryDLL", "InventoryDLL\InventoryDLL.csproj", "{6F10483B-B414-4056-8EBB-F9DBA8AFB982}"
EndProject
Project("{9A19103F-16F7-4668-BE54-9A1E7A4F7556}") = "FinalProject_ToolName", "Inventory\FinalProject_ToolName.csproj", "{944AC9E3-9E02-4C61-82C8-FA15A9FBCF94}"
EndProject
Global
	GlobalSection(SolutionConfigurationPlatforms) = preSolution
		Debug|Any CPU = Debug|Any CPU
		Release|Any CPU = Release|Any CPU
	EndGlobalSection
	GlobalSection(ProjectConfigurationPlatforms) = postSolution
		{2B0D0845-5842-4B72-8D4F-C973A5049CD0}.Debug|Any CPU.ActiveCfg = Debug|Any CPU
		{2B0D0845-5842-4B72-8D4F-C973A5049CD0}.Debug|Any CPU.Build.0 = Debug|Any CPU
		{2B0D0845-5842-4B72-8D4F-C973A5049CD0}.Release|Any CPU.ActiveCfg = Release|Any CPU
		{2B0D0845-5842-4B72-8D4F-C973A5049CD0}.Release|Any CPU.Build.0 = Release|Any CPU
		{3F2204A7-0874-465C-91EB-4F0971392FAB}.Debug|Any CPU.ActiveCfg = Debug|Any CPU
		{3F2204A7-0874-465C-91EB-4F0971392FAB}.Debug|Any CPU.Build.0 = Debug|Any CPU
		{3F2204A7-0874-465C-91EB-4F0971392FAB}.Release|Any CPU.ActiveCfg = Release|Any CPU
		{3F2204A7-0874-465C-91EB-4F0971392FAB}.Release|Any CPU.Build.0 = Release|Any CPU
		{65953B0B-36A8-4E3C-B887-5B90606E0781}.Debug|Any CPU.ActiveCfg = Debug|Any CPU
		{65953B0B-36A8-4E3C-B887-5B90606E0781}.Debug|Any CPU.Build.0 = Debug|Any CPU
		{65953B0B-36A8-4E3C-B887-5B90606E0781}.Release|Any CPU.ActiveCfg = Release|Any CPU
		{65953B0B-36A8-4E3C-B887-5B90606E0781}.Release|Any CPU.Build.0 = Release|Any CPU
		{CA589A65-9B5B-4A68-AD76-8FF120C2960C}.Debug|Any CPU.ActiveCfg = Debug|Any CPU
		{CA589A65-9B5B-4A68-AD76-8FF120C2960C}.Debug|Any CPU.Build.0 = Debug|Any CPU
		{CA589A65-9B5B-4A68-AD76-8FF120C2960C}.Release|Any CPU.ActiveCfg = Release|Any CPU
		{CA589A65-9B5B-4A68-AD76-8FF120C2960C}.Release|Any CPU.Build.0 = Release|Any CPU
		{A45657AC-AB5F-4943-997F-033A4B8424F4}.Debug|Any CPU.ActiveCfg = Debug|Any CPU
		{A45657AC-AB5F-4943-997F-033A4B8424F4}.Debug|Any CPU.Build.0 = Debug|Any CPU
		{A45657AC-AB5F-4943-997F-033A4B8424F4}.Release|Any CPU.ActiveCfg = Release|Any CPU
		{A45657AC-AB5F-4943-997F-033A4B8424F4}.Release|Any CPU.Build.0 = Release|Any CPU
		{34E833E7-DCFD-46B0-A89C-C2339F32CB85}.Debug|Any CPU.ActiveCfg = Debug|Any CPU
		{34E833E7-DCFD-46B0-A89C-C2339F32CB85}.Debug|Any CPU.Build.0 = Debug|Any CPU
		{34E833E7-DCFD-46B0-A89C-C2339F32CB85}.Release|Any CPU.ActiveCfg = Release|Any CPU
		{34E833E7-DCFD-46B0-A89C-C2339F32CB85}.Release|Any CPU.Build.0 = Release|Any CPU
		{A8C42FBE-F461-4C2D-97C6-EE4AFF7D1D8F}.Debug|Any CPU.ActiveCfg = Debug|Any CPU
		{A8C42FBE-F461-4C2D-97C6-EE4AFF7D1D8F}.Debug|Any CPU.Build.0 = Debug|Any CPU
		{A8C42FBE-F461-4C2D-97C6-EE4AFF7D1D8F}.Release|Any CPU.ActiveCfg = Release|Any CPU
		{A8C42FBE-F461-4C2D-97C6-EE4AFF7D1D8F}.Release|Any CPU.Build.0 = Release|Any CPU
		{6F10483B-B414-4056-8EBB-F9DBA8AFB982}.Debug|Any CPU.ActiveCfg = Debug|Any CPU
		{6F10483B-B414-4056-8EBB-F9DBA8AFB982}.Debug|Any CPU.Build.0 = Debug|Any CPU
		{6F10483B-B414-4056-8EBB-F9DBA8AFB982}.Release|Any CPU.ActiveCfg = Release|Any CPU
		{6F10483B-B414-4056-8EBB-F9DBA8AFB982}.Release|Any CPU.Build.0 = Release|Any CPU
		{944AC9E3-9E02-4C61-82C8-FA15A9FBCF94}.Debug|Any CPU.ActiveCfg = Debug|Any CPU
		{944AC9E3-9E02-4C61-82C8-FA15A9FBCF94}.Debug|Any CPU.Build.0 = Debug|Any CPU
		{944AC9E3-9E02-4C61-82C8-FA15A9FBCF94}.Release|Any CPU.ActiveCfg = Release|Any CPU
		{944AC9E3-9E02-4C61-82C8-FA15A9FBCF94}.Release|Any CPU.Build.0 = Release|Any CPU
	EndGlobalSection
	GlobalSection(SolutionProperties) = preSolution
		HideSolutionNode = FALSE
	EndGlobalSection
	GlobalSection(ExtensibilityGlobals) = postSolution
		SolutionGuid = {42567D5C-0B94-4A45-8E4E-3491338BD24A}
	EndGlobalSection
EndGlobal
